// !$*UTF8*$!
{
	archiveVersion = 1;
	classes = {
	};
	objectVersion = 46;
	objects = {

/* Begin PBXBuildFile section */
		E4A7440A1C03B19F002EE38B /* AppDelegate.swift in Sources */ = {isa = PBXBuildFile; fileRef = E4A744091C03B19F002EE38B /* AppDelegate.swift */; };
		E4A7440C1C03B19F002EE38B /* ViewController.swift in Sources */ = {isa = PBXBuildFile; fileRef = E4A7440B1C03B19F002EE38B /* ViewController.swift */; };
		E4A7440F1C03B19F002EE38B /* Main.storyboard in Resources */ = {isa = PBXBuildFile; fileRef = E4A7440D1C03B19F002EE38B /* Main.storyboard */; };
		E4A744121C03B19F002EE38B /* Snake.xcdatamodeld in Sources */ = {isa = PBXBuildFile; fileRef = E4A744101C03B19F002EE38B /* Snake.xcdatamodeld */; };
		E4A744141C03B19F002EE38B /* Assets.xcassets in Resources */ = {isa = PBXBuildFile; fileRef = E4A744131C03B19F002EE38B /* Assets.xcassets */; };
		E4A744171C03B19F002EE38B /* LaunchScreen.storyboard in Resources */ = {isa = PBXBuildFile; fileRef = E4A744151C03B19F002EE38B /* LaunchScreen.storyboard */; };
		E4A744221C03B19F002EE38B /* SnakeTests.swift in Sources */ = {isa = PBXBuildFile; fileRef = E4A744211C03B19F002EE38B /* SnakeTests.swift */; };
		E4A7443C1C03B5CD002EE38B /* Supporting files in Resources */ = {isa = PBXBuildFile; fileRef = E4A7443B1C03B5CD002EE38B /* Supporting files */; };
		E4A7443D1C03B5CD002EE38B /* Supporting files in Resources */ = {isa = PBXBuildFile; fileRef = E4A7443B1C03B5CD002EE38B /* Supporting files */; };
		E4A744451C0446C7002EE38B /* sStartingPage.png in Resources */ = {isa = PBXBuildFile; fileRef = E4A744441C0446C7002EE38B /* sStartingPage.png */; };
		E4A744471C0446FC002EE38B /* sHead.png in Resources */ = {isa = PBXBuildFile; fileRef = E4A744461C0446FC002EE38B /* sHead.png */; };
		E4A744491C044703002EE38B /* GameBackground.png in Resources */ = {isa = PBXBuildFile; fileRef = E4A744481C044703002EE38B /* GameBackground.png */; };
		E4A7444B1C044B8B002EE38B /* Game.swift in Sources */ = {isa = PBXBuildFile; fileRef = E4A7444A1C044B8B002EE38B /* Game.swift */; };
		E4A7444C1C044B8B002EE38B /* Game.swift in Sources */ = {isa = PBXBuildFile; fileRef = E4A7444A1C044B8B002EE38B /* Game.swift */; };
/* End PBXBuildFile section */

/* Begin PBXContainerItemProxy section */
		E4A7441E1C03B19F002EE38B /* PBXContainerItemProxy */ = {
			isa = PBXContainerItemProxy;
			containerPortal = E4A743FE1C03B19F002EE38B /* Project object */;
			proxyType = 1;
			remoteGlobalIDString = E4A744051C03B19F002EE38B;
			remoteInfo = Snake;
		};
/* End PBXContainerItemProxy section */

/* Begin PBXFileReference section */
		E4A744061C03B19F002EE38B /* Snake.app */ = {isa = PBXFileReference; explicitFileType = wrapper.application; includeInIndex = 0; path = Snake.app; sourceTree = BUILT_PRODUCTS_DIR; };
		E4A744091C03B19F002EE38B /* AppDelegate.swift */ = {isa = PBXFileReference; lastKnownFileType = sourcecode.swift; path = AppDelegate.swift; sourceTree = "<group>"; };
		E4A7440B1C03B19F002EE38B /* ViewController.swift */ = {isa = PBXFileReference; lastKnownFileType = sourcecode.swift; path = ViewController.swift; sourceTree = "<group>"; };
		E4A7440E1C03B19F002EE38B /* Base */ = {isa = PBXFileReference; lastKnownFileType = file.storyboard; name = Base; path = Base.lproj/Main.storyboard; sourceTree = "<group>"; };
		E4A744111C03B19F002EE38B /* Snake.xcdatamodel */ = {isa = PBXFileReference; lastKnownFileType = wrapper.xcdatamodel; path = Snake.xcdatamodel; sourceTree = "<group>"; };
		E4A744131C03B19F002EE38B /* Assets.xcassets */ = {isa = PBXFileReference; lastKnownFileType = folder.assetcatalog; path = Assets.xcassets; sourceTree = "<group>"; };
		E4A744161C03B19F002EE38B /* Base */ = {isa = PBXFileReference; lastKnownFileType = file.storyboard; name = Base; path = Base.lproj/LaunchScreen.storyboard; sourceTree = "<group>"; };
		E4A744181C03B19F002EE38B /* Info.plist */ = {isa = PBXFileReference; lastKnownFileType = text.plist.xml; path = Info.plist; sourceTree = "<group>"; };
		E4A7441D1C03B19F002EE38B /* SnakeTests.xctest */ = {isa = PBXFileReference; explicitFileType = wrapper.cfbundle; includeInIndex = 0; path = SnakeTests.xctest; sourceTree = BUILT_PRODUCTS_DIR; };
		E4A744211C03B19F002EE38B /* SnakeTests.swift */ = {isa = PBXFileReference; lastKnownFileType = sourcecode.swift; path = SnakeTests.swift; sourceTree = "<group>"; };
		E4A744231C03B19F002EE38B /* Info.plist */ = {isa = PBXFileReference; lastKnownFileType = text.plist.xml; path = Info.plist; sourceTree = "<group>"; };
		E4A7443B1C03B5CD002EE38B /* Supporting files */ = {isa = PBXFileReference; lastKnownFileType = folder; path = "Supporting files"; sourceTree = "<group>"; };
		E4A744441C0446C7002EE38B /* sStartingPage.png */ = {isa = PBXFileReference; lastKnownFileType = image.png; name = sStartingPage.png; path = "Supporting files/sStartingPage.png"; sourceTree = "<group>"; };
		E4A744461C0446FC002EE38B /* sHead.png */ = {isa = PBXFileReference; lastKnownFileType = image.png; name = sHead.png; path = "Supporting files/sHead.png"; sourceTree = "<group>"; };
		E4A744481C044703002EE38B /* GameBackground.png */ = {isa = PBXFileReference; lastKnownFileType = image.png; name = GameBackground.png; path = "Supporting files/GameBackground.png"; sourceTree = "<group>"; };
		E4A7444A1C044B8B002EE38B /* Game.swift */ = {isa = PBXFileReference; fileEncoding = 4; lastKnownFileType = sourcecode.swift; name = Game.swift; path = ../Game.swift; sourceTree = "<group>"; };
/* End PBXFileReference section */

/* Begin PBXFrameworksBuildPhase section */
		E4A744031C03B19F002EE38B /* Frameworks */ = {
			isa = PBXFrameworksBuildPhase;
			buildActionMask = 2147483647;
			files = (
			);
			runOnlyForDeploymentPostprocessing = 0;
		};
		E4A7441A1C03B19F002EE38B /* Frameworks */ = {
			isa = PBXFrameworksBuildPhase;
			buildActionMask = 2147483647;
			files = (
			);
			runOnlyForDeploymentPostprocessing = 0;
		};
/* End PBXFrameworksBuildPhase section */

/* Begin PBXGroup section */
		E4A743FD1C03B19F002EE38B = {
			isa = PBXGroup;
			children = (
				E4A744081C03B19F002EE38B /* Snake */,
				E4A744201C03B19F002EE38B /* SnakeTests */,
				E4A744071C03B19F002EE38B /* Products */,
			);
			sourceTree = "<group>";
		};
		E4A744071C03B19F002EE38B /* Products */ = {
			isa = PBXGroup;
			children = (
				E4A744061C03B19F002EE38B /* Snake.app */,
				E4A7441D1C03B19F002EE38B /* SnakeTests.xctest */,
			);
			name = Products;
			sourceTree = "<group>";
		};
		E4A744081C03B19F002EE38B /* Snake */ = {
			isa = PBXGroup;
			children = (
				E4A744091C03B19F002EE38B /* AppDelegate.swift */,
				E4A7440B1C03B19F002EE38B /* ViewController.swift */,
				E4A7444A1C044B8B002EE38B /* Game.swift */,
				E4A7440D1C03B19F002EE38B /* Main.storyboard */,
				E4A744131C03B19F002EE38B /* Assets.xcassets */,
				E4A744151C03B19F002EE38B /* LaunchScreen.storyboard */,
				E4A744181C03B19F002EE38B /* Info.plist */,
				E4A744101C03B19F002EE38B /* Snake.xcdatamodeld */,
				E4A744441C0446C7002EE38B /* sStartingPage.png */,
				E4A744461C0446FC002EE38B /* sHead.png */,
				E4A744481C044703002EE38B /* GameBackground.png */,
				E4A7443B1C03B5CD002EE38B /* Supporting files */,
			);
			path = Snake;
			sourceTree = "<group>";
		};
		E4A744201C03B19F002EE38B /* SnakeTests */ = {
			isa = PBXGroup;
			children = (
				E4A744211C03B19F002EE38B /* SnakeTests.swift */,
				E4A744231C03B19F002EE38B /* Info.plist */,
			);
			path = SnakeTests;
			sourceTree = "<group>";
		};
/* End PBXGroup section */

/* Begin PBXNativeTarget section */
		E4A744051C03B19F002EE38B /* Snake */ = {
			isa = PBXNativeTarget;
			buildConfigurationList = E4A744261C03B19F002EE38B /* Build configuration list for PBXNativeTarget "Snake" */;
			buildPhases = (
				E4A744021C03B19F002EE38B /* Sources */,
				E4A744031C03B19F002EE38B /* Frameworks */,
				E4A744041C03B19F002EE38B /* Resources */,
			);
			buildRules = (
			);
			dependencies = (
			);
			name = Snake;
			productName = Snake;
			productReference = E4A744061C03B19F002EE38B /* Snake.app */;
			productType = "com.apple.product-type.application";
		};
		E4A7441C1C03B19F002EE38B /* SnakeTests */ = {
			isa = PBXNativeTarget;
			buildConfigurationList = E4A744291C03B19F002EE38B /* Build configuration list for PBXNativeTarget "SnakeTests" */;
			buildPhases = (
				E4A744191C03B19F002EE38B /* Sources */,
				E4A7441A1C03B19F002EE38B /* Frameworks */,
				E4A7441B1C03B19F002EE38B /* Resources */,
			);
			buildRules = (
			);
			dependencies = (
				E4A7441F1C03B19F002EE38B /* PBXTargetDependency */,
			);
			name = SnakeTests;
			productName = SnakeTests;
			productReference = E4A7441D1C03B19F002EE38B /* SnakeTests.xctest */;
			productType = "com.apple.product-type.bundle.unit-test";
		};
/* End PBXNativeTarget section */

/* Begin PBXProject section */
		E4A743FE1C03B19F002EE38B /* Project object */ = {
			isa = PBXProject;
			attributes = {
				LastUpgradeCheck = 0700;
				ORGANIZATIONNAME = "ze li";
				TargetAttributes = {
					E4A744051C03B19F002EE38B = {
						CreatedOnToolsVersion = 7.0;
					};
					E4A7441C1C03B19F002EE38B = {
						CreatedOnToolsVersion = 7.0;
						TestTargetID = E4A744051C03B19F002EE38B;
					};
				};
			};
			buildConfigurationList = E4A744011C03B19F002EE38B /* Build configuration list for PBXProject "Snake" */;
			compatibilityVersion = "Xcode 3.2";
			developmentRegion = English;
			hasScannedForEncodings = 0;
			knownRegions = (
				en,
				Base,
			);
			mainGroup = E4A743FD1C03B19F002EE38B;
			productRefGroup = E4A744071C03B19F002EE38B /* Products */;
			projectDirPath = "";
			projectRoot = "";
			targets = (
				E4A744051C03B19F002EE38B /* Snake */,
				E4A7441C1C03B19F002EE38B /* SnakeTests */,
			);
		};
/* End PBXProject section */

/* Begin PBXResourcesBuildPhase section */
		E4A744041C03B19F002EE38B /* Resources */ = {
			isa = PBXResourcesBuildPhase;
			buildActionMask = 2147483647;
			files = (
				E4A744171C03B19F002EE38B /* LaunchScreen.storyboard in Resources */,
				E4A744141C03B19F002EE38B /* Assets.xcassets in Resources */,
				E4A744491C044703002EE38B /* GameBackground.png in Resources */,
				E4A7443C1C03B5CD002EE38B /* Supporting files in Resources */,
				E4A744451C0446C7002EE38B /* sStartingPage.png in Resources */,
				E4A7440F1C03B19F002EE38B /* Main.storyboard in Resources */,
				E4A744471C0446FC002EE38B /* sHead.png in Resources */,
			);
			runOnlyForDeploymentPostprocessing = 0;
		};
		E4A7441B1C03B19F002EE38B /* Resources */ = {
			isa = PBXResourcesBuildPhase;
			buildActionMask = 2147483647;
			files = (
				E4A7443D1C03B5CD002EE38B /* Supporting files in Resources */,
			);
			runOnlyForDeploymentPostprocessing = 0;
		};
/* End PBXResourcesBuildPhase section */

/* Begin PBXSourcesBuildPhase section */
		E4A744021C03B19F002EE38B /* Sources */ = {
			isa = PBXSourcesBuildPhase;
			buildActionMask = 2147483647;
			files = (
				E4A744121C03B19F002EE38B /* Snake.xcdatamodeld in Sources */,
				E4A7440C1C03B19F002EE38B /* ViewController.swift in Sources */,
				E4A7440A1C03B19F002EE38B /* AppDelegate.swift in Sources */,
				E4A7444B1C044B8B002EE38B /* Game.swift in Sources */,
			);
			runOnlyForDeploymentPostprocessing = 0;
		};
		E4A744191C03B19F002EE38B /* Sources */ = {
			isa = PBXSourcesBuildPhase;
			buildActionMask = 2147483647;
			files = (
				E4A744221C03B19F002EE38B /* SnakeTests.swift in Sources */,
				E4A7444C1C044B8B002EE38B /* Game.swift in Sources */,
			);
			runOnlyForDeploymentPostprocessing = 0;
		};
/* End PBXSourcesBuildPhase section */

/* Begin PBXTargetDependency section */
		E4A7441F1C03B19F002EE38B /* PBXTargetDependency */ = {
			isa = PBXTargetDependency;
			target = E4A744051C03B19F002EE38B /* Snake */;
			targetProxy = E4A7441E1C03B19F002EE38B /* PBXContainerItemProxy */;
		};
/* End PBXTargetDependency section */

/* Begin PBXVariantGroup section */
		E4A7440D1C03B19F002EE38B /* Main.storyboard */ = {
			isa = PBXVariantGroup;
			children = (
				E4A7440E1C03B19F002EE38B /* Base */,
			);
			name = Main.storyboard;
			sourceTree = "<group>";
		};
		E4A744151C03B19F002EE38B /* LaunchScreen.storyboard */ = {
			isa = PBXVariantGroup;
			children = (
				E4A744161C03B19F002EE38B /* Base */,
			);
			name = LaunchScreen.storyboard;
			sourceTree = "<group>";
		};
/* End PBXVariantGroup section */

/* Begin XCBuildConfiguration section */
		E4A744241C03B19F002EE38B /* Debug */ = {
			isa = XCBuildConfiguration;
			buildSettings = {
				ALWAYS_SEARCH_USER_PATHS = NO;
				CLANG_CXX_LANGUAGE_STANDARD = "gnu++0x";
				CLANG_CXX_LIBRARY = "libc++";
				CLANG_ENABLE_MODULES = YES;
				CLANG_ENABLE_OBJC_ARC = YES;
				CLANG_WARN_BOOL_CONVERSION = YES;
				CLANG_WARN_CONSTANT_CONVERSION = YES;
				CLANG_WARN_DIRECT_OBJC_ISA_USAGE = YES_ERROR;
				CLANG_WARN_EMPTY_BODY = YES;
				CLANG_WARN_ENUM_CONVERSION = YES;
				CLANG_WARN_INT_CONVERSION = YES;
				CLANG_WARN_OBJC_ROOT_CLASS = YES_ERROR;
				CLANG_WARN_UNREACHABLE_CODE = YES;
				CLANG_WARN__DUPLICATE_METHOD_MATCH = YES;
				"CODE_SIGN_IDENTITY[sdk=iphoneos*]" = "iPhone Developer";
				COPY_PHASE_STRIP = NO;
				DEBUG_INFORMATION_FORMAT = dwarf;
				ENABLE_STRICT_OBJC_MSGSEND = YES;
				ENABLE_TESTABILITY = YES;
				GCC_C_LANGUAGE_STANDARD = gnu99;
				GCC_DYNAMIC_NO_PIC = NO;
				GCC_NO_COMMON_BLOCKS = YES;
				GCC_OPTIMIZATION_LEVEL = 0;
				GCC_PREPROCESSOR_DEFINITIONS = (
					"DEBUG=1",
					"$(inherited)",
				);
				GCC_WARN_64_TO_32_BIT_CONVERSION = YES;
				GCC_WARN_ABOUT_RETURN_TYPE = YES_ERROR;
				GCC_WARN_UNDECLARED_SELECTOR = YES;
				GCC_WARN_UNINITIALIZED_AUTOS = YES_AGGRESSIVE;
				GCC_WARN_UNUSED_FUNCTION = YES;
				GCC_WARN_UNUSED_VARIABLE = YES;
				IPHONEOS_DEPLOYMENT_TARGET = 9.0;
				MTL_ENABLE_DEBUG_INFO = YES;
				ONLY_ACTIVE_ARCH = YES;
				SDKROOT = iphoneos;
				SWIFT_OPTIMIZATION_LEVEL = "-Onone";
			};
			name = Debug;
		};
		E4A744251C03B19F002EE38B /* Release */ = {
			isa = XCBuildConfiguration;
			buildSettings = {
				ALWAYS_SEARCH_USER_PATHS = NO;
				CLANG_CXX_LANGUAGE_STANDARD = "gnu++0x";
				CLANG_CXX_LIBRARY = "libc++";
				CLANG_ENABLE_MODULES = YES;
				CLANG_ENABLE_OBJC_ARC = YES;
				CLANG_WARN_BOOL_CONVERSION = YES;
				CLANG_WARN_CONSTANT_CONVERSION = YES;
				CLANG_WARN_DIRECT_OBJC_ISA_USAGE = YES_ERROR;
				CLANG_WARN_EMPTY_BODY = YES;
				CLANG_WARN_ENUM_CONVERSION = YES;
				CLANG_WARN_INT_CONVERSION = YES;
				CLANG_WARN_OBJC_ROOT_CLASS = YES_ERROR;
				CLANG_WARN_UNREACHABLE_CODE = YES;
				CLANG_WARN__DUPLICATE_METHOD_MATCH = YES;
				"CODE_SIGN_IDENTITY[sdk=iphoneos*]" = "iPhone Developer";
				COPY_PHASE_STRIP = NO;
				DEBUG_INFORMATION_FORMAT = "dwarf-with-dsym";
				ENABLE_NS_ASSERTIONS = NO;
				ENABLE_STRICT_OBJC_MSGSEND = YES;
				GCC_C_LANGUAGE_STANDARD = gnu99;
				GCC_NO_COMMON_BLOCKS = YES;
				GCC_WARN_64_TO_32_BIT_CONVERSION = YES;
				GCC_WARN_ABOUT_RETURN_TYPE = YES_ERROR;
				GCC_WARN_UNDECLARED_SELECTOR = YES;
				GCC_WARN_UNINITIALIZED_AUTOS = YES_AGGRESSIVE;
				GCC_WARN_UNUSED_FUNCTION = YES;
				GCC_WARN_UNUSED_VARIABLE = YES;
				IPHONEOS_DEPLOYMENT_TARGET = 9.0;
				MTL_ENABLE_DEBUG_INFO = NO;
				SDKROOT = iphoneos;
				VALIDATE_PRODUCT = YES;
			};
			name = Release;
		};
		E4A744271C03B19F002EE38B /* Debug */ = {
			isa = XCBuildConfiguration;
			buildSettings = {
				ASSETCATALOG_COMPILER_APPICON_NAME = AppIcon;
				INFOPLIST_FILE = Snake/Info.plist;
				LD_RUNPATH_SEARCH_PATHS = "$(inherited) @executable_path/Frameworks";
				PRODUCT_BUNDLE_IDENTIFIER = com.zl.Snake;
				PRODUCT_NAME = "$(TARGET_NAME)";
			};
			name = Debug;
		};
		E4A744281C03B19F002EE38B /* Release */ = {
			isa = XCBuildConfiguration;
			buildSettings = {
				ASSETCATALOG_COMPILER_APPICON_NAME = AppIcon;
				INFOPLIST_FILE = Snake/Info.plist;
				LD_RUNPATH_SEARCH_PATHS = "$(inherited) @executable_path/Frameworks";
				PRODUCT_BUNDLE_IDENTIFIER = com.zl.Snake;
				PRODUCT_NAME = "$(TARGET_NAME)";
			};
			name = Release;
		};
		E4A7442A1C03B19F002EE38B /* Debug */ = {
			isa = XCBuildConfiguration;
			buildSettings = {
				BUNDLE_LOADER = "$(TEST_HOST)";
				INFOPLIST_FILE = SnakeTests/Info.plist;
				LD_RUNPATH_SEARCH_PATHS = "$(inherited) @executable_path/Frameworks @loader_path/Frameworks";
				PRODUCT_BUNDLE_IDENTIFIER = com.zl.SnakeTests;
				PRODUCT_NAME = "$(TARGET_NAME)";
				TEST_HOST = "$(BUILT_PRODUCTS_DIR)/Snake.app/Snake";
			};
			name = Debug;
		};
		E4A7442B1C03B19F002EE38B /* Release */ = {
			isa = XCBuildConfiguration;
			buildSettings = {
				BUNDLE_LOADER = "$(TEST_HOST)";
				INFOPLIST_FILE = SnakeTests/Info.plist;
				LD_RUNPATH_SEARCH_PATHS = "$(inherited) @executable_path/Frameworks @loader_path/Frameworks";
				PRODUCT_BUNDLE_IDENTIFIER = com.zl.SnakeTests;
				PRODUCT_NAME = "$(TARGET_NAME)";
				TEST_HOST = "$(BUILT_PRODUCTS_DIR)/Snake.app/Snake";
			};
			name = Release;
		};
/* End XCBuildConfiguration section */

/* Begin XCConfigurationList section */
		E4A744011C03B19F002EE38B /* Build configuration list for PBXProject "Snake" */ = {
			isa = XCConfigurationList;
			buildConfigurations = (
				E4A744241C03B19F002EE38B /* Debug */,
				E4A744251C03B19F002EE38B /* Release */,
			);
			defaultConfigurationIsVisible = 0;
			defaultConfigurationName = Release;
		};
		E4A744261C03B19F002EE38B /* Build configuration list for PBXNativeTarget "Snake" */ = {
			isa = XCConfigurationList;
			buildConfigurations = (
				E4A744271C03B19F002EE38B /* Debug */,
				E4A744281C03B19F002EE38B /* Release */,
			);
			defaultConfigurationIsVisible = 0;
		};
		E4A744291C03B19F002EE38B /* Build configuration list for PBXNativeTarget "SnakeTests" */ = {
			isa = XCConfigurationList;
			buildConfigurations = (
				E4A7442A1C03B19F002EE38B /* Debug */,
				E4A7442B1C03B19F002EE38B /* Release */,
			);
			defaultConfigurationIsVisible = 0;
		};
/* End XCConfigurationList section */

/* Begin XCVersionGroup section */
		E4A744101C03B19F002EE38B /* Snake.xcdatamodeld */ = {
			isa = XCVersionGroup;
			children = (
				E4A744111C03B19F002EE38B /* Snake.xcdatamodel */,
			);
			currentVersion = E4A744111C03B19F002EE38B /* Snake.xcdatamodel */;
			path = Snake.xcdatamodeld;
			sourceTree = "<group>";
			versionGroupType = wrapper.xcdatamodel;
		};
/* End XCVersionGroup section */
	};
	rootObject = E4A743FE1C03B19F002EE38B /* Project object */;
}
